
Microsoft Visual Studio Solution File, Format Version 12.00
Project("{2150E333-8FDC-42A3-9474-1A3956D46DE8}") = "src", "src", "{131375A7-91B1-458D-A1AF-8DB928045D05}"
EndProject
Project("{2150E333-8FDC-42A3-9474-1A3956D46DE8}") = "Tests", "Tests", "{6E7393B8-6F28-44AF-84A0-7F3DE401F4B9}"
EndProject
Project("{2150E333-8FDC-42A3-9474-1A3956D46DE8}") = "Core", "Core", "{B6ABEB6A-B52C-4226-8076-3F637958B992}"
EndProject
Project("{2150E333-8FDC-42A3-9474-1A3956D46DE8}") = "Infrastructure", "Infrastructure", "{F85210D1-0C37-4C40-9635-456D1E3C450F}"
EndProject
Project("{2150E333-8FDC-42A3-9474-1A3956D46DE8}") = "Presentation", "Presentation", "{321252AE-C32F-4122-9BAF-C72DBF83AC5F}"
EndProject
Project("{2150E333-8FDC-42A3-9474-1A3956D46DE8}") = "Tools", "Tools", "{C9246D51-6D05-4F95-B7F8-985824997041}"
EndProject
Project("{FAE04EC0-301F-11D3-BF4B-00C04F79EFBC}") = "Core.Tools.OperationResult", "src\Core\Tools\Core.Tools.OperationResult\Core.Tools.OperationResult.csproj", "{90D0991A-24A3-42D8-998B-9EE84D90C9C7}"
EndProject
Project("{FAE04EC0-301F-11D3-BF4B-00C04F79EFBC}") = "Core.Application", "src\Core\Core.Application\Core.Application.csproj", "{FEFEAAAA-3207-491A-8F2A-CDF94033F3E6}"
EndProject
Project("{FAE04EC0-301F-11D3-BF4B-00C04F79EFBC}") = "Core.Domain", "src\Core\Core.Domain\Core.Domain.csproj", "{E0F005FF-E5DB-4C78-91F0-DA565A35480C}"
EndProject
Project("{FAE04EC0-301F-11D3-BF4B-00C04F79EFBC}") = "Infrastructure.EfcDmPersistence", "src\Infrastructure.EfcDmPersistence\Infrastructure.EfcDmPersistence.csproj", "{8903E7B8-9779-4D99-B9CD-5D96FCB18DB3}"
EndProject
Project("{FAE04EC0-301F-11D3-BF4B-00C04F79EFBC}") = "Infrastructure.EfcQueries", "src\Infrastructure.EfcQueries\Infrastructure.EfcQueries.csproj", "{025C8DB2-5550-4D4B-ADC0-2BB2E874D279}"
EndProject
Project("{FAE04EC0-301F-11D3-BF4B-00C04F79EFBC}") = "Presentation.WebAPI", "src\Presentation.WebAPI\Presentation.WebAPI.csproj", "{C8C2A5EB-23A7-46C9-8C04-4AF1DB30959E}"
EndProject
Project("{FAE04EC0-301F-11D3-BF4B-00C04F79EFBC}") = "Core.QueryContract", "src\Core\Core.QueryContract\Core.QueryContract.csproj", "{5CB9017C-E9C0-410D-BBF1-9DE5966709D5}"
EndProject
Project("{FAE04EC0-301F-11D3-BF4B-00C04F79EFBC}") = "Core.Tools.ObjectMapper", "src\Core\Tools\Core.Tools.ObjectMapper\Core.Tools.ObjectMapper.csproj", "{5579EEAD-F206-4523-B063-825CAFAFF1CF}"
EndProject
Project("{FAE04EC0-301F-11D3-BF4B-00C04F79EFBC}") = "Infrastructure.ExternalApis", "src\Infrastructure.ExternalApis\Infrastructure.ExternalApis.csproj", "{7E67D83F-1B2E-4793-A6B3-3D180D71AC6D}"
EndProject
Global
	GlobalSection(SolutionConfigurationPlatforms) = preSolution
		Debug|Any CPU = Debug|Any CPU
		Release|Any CPU = Release|Any CPU
	EndGlobalSection
	GlobalSection(NestedProjects) = preSolution
		{B6ABEB6A-B52C-4226-8076-3F637958B992} = {131375A7-91B1-458D-A1AF-8DB928045D05}
		{F85210D1-0C37-4C40-9635-456D1E3C450F} = {131375A7-91B1-458D-A1AF-8DB928045D05}
		{321252AE-C32F-4122-9BAF-C72DBF83AC5F} = {131375A7-91B1-458D-A1AF-8DB928045D05}
		{C9246D51-6D05-4F95-B7F8-985824997041} = {B6ABEB6A-B52C-4226-8076-3F637958B992}
		{90D0991A-24A3-42D8-998B-9EE84D90C9C7} = {C9246D51-6D05-4F95-B7F8-985824997041}
		{FEFEAAAA-3207-491A-8F2A-CDF94033F3E6} = {B6ABEB6A-B52C-4226-8076-3F637958B992}
		{E0F005FF-E5DB-4C78-91F0-DA565A35480C} = {B6ABEB6A-B52C-4226-8076-3F637958B992}
		{8903E7B8-9779-4D99-B9CD-5D96FCB18DB3} = {F85210D1-0C37-4C40-9635-456D1E3C450F}
		{025C8DB2-5550-4D4B-ADC0-2BB2E874D279} = {F85210D1-0C37-4C40-9635-456D1E3C450F}
		{C8C2A5EB-23A7-46C9-8C04-4AF1DB30959E} = {321252AE-C32F-4122-9BAF-C72DBF83AC5F}
		{5CB9017C-E9C0-410D-BBF1-9DE5966709D5} = {B6ABEB6A-B52C-4226-8076-3F637958B992}
		{5579EEAD-F206-4523-B063-825CAFAFF1CF} = {C9246D51-6D05-4F95-B7F8-985824997041}
		{7E67D83F-1B2E-4793-A6B3-3D180D71AC6D} = {F85210D1-0C37-4C40-9635-456D1E3C450F}
	EndGlobalSection
	GlobalSection(ProjectConfigurationPlatforms) = postSolution
		{90D0991A-24A3-42D8-998B-9EE84D90C9C7}.Debug|Any CPU.ActiveCfg = Debug|Any CPU
		{90D0991A-24A3-42D8-998B-9EE84D90C9C7}.Debug|Any CPU.Build.0 = Debug|Any CPU
		{90D0991A-24A3-42D8-998B-9EE84D90C9C7}.Release|Any CPU.ActiveCfg = Release|Any CPU
		{90D0991A-24A3-42D8-998B-9EE84D90C9C7}.Release|Any CPU.Build.0 = Release|Any CPU
		{FEFEAAAA-3207-491A-8F2A-CDF94033F3E6}.Debug|Any CPU.ActiveCfg = Debug|Any CPU
		{FEFEAAAA-3207-491A-8F2A-CDF94033F3E6}.Debug|Any CPU.Build.0 = Debug|Any CPU
		{FEFEAAAA-3207-491A-8F2A-CDF94033F3E6}.Release|Any CPU.ActiveCfg = Release|Any CPU
		{FEFEAAAA-3207-491A-8F2A-CDF94033F3E6}.Release|Any CPU.Build.0 = Release|Any CPU
		{E0F005FF-E5DB-4C78-91F0-DA565A35480C}.Debug|Any CPU.ActiveCfg = Debug|Any CPU
		{E0F005FF-E5DB-4C78-91F0-DA565A35480C}.Debug|Any CPU.Build.0 = Debug|Any CPU
		{E0F005FF-E5DB-4C78-91F0-DA565A35480C}.Release|Any CPU.ActiveCfg = Release|Any CPU
		{E0F005FF-E5DB-4C78-91F0-DA565A35480C}.Release|Any CPU.Build.0 = Release|Any CPU
		{8903E7B8-9779-4D99-B9CD-5D96FCB18DB3}.Debug|Any CPU.ActiveCfg = Debug|Any CPU
		{8903E7B8-9779-4D99-B9CD-5D96FCB18DB3}.Debug|Any CPU.Build.0 = Debug|Any CPU
		{8903E7B8-9779-4D99-B9CD-5D96FCB18DB3}.Release|Any CPU.ActiveCfg = Release|Any CPU
		{8903E7B8-9779-4D99-B9CD-5D96FCB18DB3}.Release|Any CPU.Build.0 = Release|Any CPU
		{025C8DB2-5550-4D4B-ADC0-2BB2E874D279}.Debug|Any CPU.ActiveCfg = Debug|Any CPU
		{025C8DB2-5550-4D4B-ADC0-2BB2E874D279}.Debug|Any CPU.Build.0 = Debug|Any CPU
		{025C8DB2-5550-4D4B-ADC0-2BB2E874D279}.Release|Any CPU.ActiveCfg = Release|Any CPU
		{025C8DB2-5550-4D4B-ADC0-2BB2E874D279}.Release|Any CPU.Build.0 = Release|Any CPU
		{C8C2A5EB-23A7-46C9-8C04-4AF1DB30959E}.Debug|Any CPU.ActiveCfg = Debug|Any CPU
		{C8C2A5EB-23A7-46C9-8C04-4AF1DB30959E}.Debug|Any CPU.Build.0 = Debug|Any CPU
		{C8C2A5EB-23A7-46C9-8C04-4AF1DB30959E}.Release|Any CPU.ActiveCfg = Release|Any CPU
		{C8C2A5EB-23A7-46C9-8C04-4AF1DB30959E}.Release|Any CPU.Build.0 = Release|Any CPU
		{5CB9017C-E9C0-410D-BBF1-9DE5966709D5}.Debug|Any CPU.ActiveCfg = Debug|Any CPU
		{5CB9017C-E9C0-410D-BBF1-9DE5966709D5}.Debug|Any CPU.Build.0 = Debug|Any CPU
		{5CB9017C-E9C0-410D-BBF1-9DE5966709D5}.Release|Any CPU.ActiveCfg = Release|Any CPU
		{5CB9017C-E9C0-410D-BBF1-9DE5966709D5}.Release|Any CPU.Build.0 = Release|Any CPU
		{5579EEAD-F206-4523-B063-825CAFAFF1CF}.Debug|Any CPU.ActiveCfg = Debug|Any CPU
		{5579EEAD-F206-4523-B063-825CAFAFF1CF}.Debug|Any CPU.Build.0 = Debug|Any CPU
		{5579EEAD-F206-4523-B063-825CAFAFF1CF}.Release|Any CPU.ActiveCfg = Release|Any CPU
		{5579EEAD-F206-4523-B063-825CAFAFF1CF}.Release|Any CPU.Build.0 = Release|Any CPU
		{7E67D83F-1B2E-4793-A6B3-3D180D71AC6D}.Debug|Any CPU.ActiveCfg = Debug|Any CPU
		{7E67D83F-1B2E-4793-A6B3-3D180D71AC6D}.Debug|Any CPU.Build.0 = Debug|Any CPU
		{7E67D83F-1B2E-4793-A6B3-3D180D71AC6D}.Release|Any CPU.ActiveCfg = Release|Any CPU
		{7E67D83F-1B2E-4793-A6B3-3D180D71AC6D}.Release|Any CPU.Build.0 = Release|Any CPU
	EndGlobalSection
EndGlobal
